
Microsoft Visual Studio Solution File, Format Version 12.00
# Visual Studio 2013
VisualStudioVersion = 12.0.30723.0
MinimumVisualStudioVersion = 10.0.40219.1
Project("{FAE04EC0-301F-11D3-BF4B-00C04F79EFBC}") = "Fuzziverse.Core", "Fuzziverse.Core\Fuzziverse.Core.csproj", "{B268CB82-69B9-4B35-BB3A-FCD811E49FE0}"
EndProject
Project("{FAE04EC0-301F-11D3-BF4B-00C04F79EFBC}") = "Fuzziverse.Tests", "Fuzziverse.Tests\Fuzziverse.Tests.csproj", "{8BE8751E-FB06-40BE-9085-AB842C2045BA}"
EndProject
Global
	GlobalSection(SolutionConfigurationPlatforms) = preSolution
		Debug|Any CPU = Debug|Any CPU
		Release|Any CPU = Release|Any CPU
	EndGlobalSection
	GlobalSection(ProjectConfigurationPlatforms) = postSolution
		{B268CB82-69B9-4B35-BB3A-FCD811E49FE0}.Debug|Any CPU.ActiveCfg = Debug|Any CPU
		{B268CB82-69B9-4B35-BB3A-FCD811E49FE0}.Debug|Any CPU.Build.0 = Debug|Any CPU
		{B268CB82-69B9-4B35-BB3A-FCD811E49FE0}.Release|Any CPU.ActiveCfg = Release|Any CPU
		{B268CB82-69B9-4B35-BB3A-FCD811E49FE0}.Release|Any CPU.Build.0 = Release|Any CPU
		{8BE8751E-FB06-40BE-9085-AB842C2045BA}.Debug|Any CPU.ActiveCfg = Debug|Any CPU
		{8BE8751E-FB06-40BE-9085-AB842C2045BA}.Debug|Any CPU.Build.0 = Debug|Any CPU
		{8BE8751E-FB06-40BE-9085-AB842C2045BA}.Release|Any CPU.ActiveCfg = Release|Any CPU
		{8BE8751E-FB06-40BE-9085-AB842C2045BA}.Release|Any CPU.Build.0 = Release|Any CPU
	EndGlobalSection
	GlobalSection(SolutionProperties) = preSolution
		HideSolutionNode = FALSE
	EndGlobalSection
EndGlobal
